// !$*UTF8*$!
{
	archiveVersion = 1;
	classes = {
	};
	objectVersion = 56;
	objects = {

/* Begin PBXBuildFile section */
		8B56CED42B0C5946008531A6 /* CheckerAppApp.swift in Sources */ = {isa = PBXBuildFile; fileRef = 8B56CED32B0C5946008531A6 /* CheckerAppApp.swift */; };
		8B56CED62B0C5946008531A6 /* MainView.swift in Sources */ = {isa = PBXBuildFile; fileRef = 8B56CED52B0C5946008531A6 /* MainView.swift */; };
		8B56CED82B0C5947008531A6 /* Assets.xcassets in Resources */ = {isa = PBXBuildFile; fileRef = 8B56CED72B0C5947008531A6 /* Assets.xcassets */; };
		8B56CEDB2B0C5947008531A6 /* Preview Assets.xcassets in Resources */ = {isa = PBXBuildFile; fileRef = 8B56CEDA2B0C5947008531A6 /* Preview Assets.xcassets */; };
		8B56CEE52B0C5A12008531A6 /* PlusButton.swift in Sources */ = {isa = PBXBuildFile; fileRef = 8B56CEE42B0C5A12008531A6 /* PlusButton.swift */; };
		8B56CEE72B0C5AAE008531A6 /* ExecutionView.swift in Sources */ = {isa = PBXBuildFile; fileRef = 8B56CEE62B0C5AAE008531A6 /* ExecutionView.swift */; };
		8B56CEE92B0C5ADA008531A6 /* CreateIventView.swift in Sources */ = {isa = PBXBuildFile; fileRef = 8B56CEE82B0C5ADA008531A6 /* CreateIventView.swift */; };
		8B56CEEB2B0C5AF8008531A6 /* SettingView.swift in Sources */ = {isa = PBXBuildFile; fileRef = 8B56CEEA2B0C5AF8008531A6 /* SettingView.swift */; };
		8B56CEED2B0C5DE8008531A6 /* IventData.swift in Sources */ = {isa = PBXBuildFile; fileRef = 8B56CEEC2B0C5DE8008531A6 /* IventData.swift */; };
		8B56CEEF2B0C5E19008531A6 /* Ivent.swift in Sources */ = {isa = PBXBuildFile; fileRef = 8B56CEEE2B0C5E19008531A6 /* Ivent.swift */; };
		8B56CEF12B0C5E28008531A6 /* Item.swift in Sources */ = {isa = PBXBuildFile; fileRef = 8B56CEF02B0C5E28008531A6 /* Item.swift */; };
		8B56CEF62B0C61B3008531A6 /* InputView.swift in Sources */ = {isa = PBXBuildFile; fileRef = 8B56CEF52B0C61B2008531A6 /* InputView.swift */; };
		8B56CEF82B0C871E008531A6 /* ExecutionListRow.swift in Sources */ = {isa = PBXBuildFile; fileRef = 8B56CEF72B0C871E008531A6 /* ExecutionListRow.swift */; };
		8B56CEFA2B0C8FD3008531A6 /* CreateListRow.swift in Sources */ = {isa = PBXBuildFile; fileRef = 8B56CEF92B0C8FD3008531A6 /* CreateListRow.swift */; };
		8B56CF1D2B0CA483008531A6 /* UserDefaultsManager.swift in Sources */ = {isa = PBXBuildFile; fileRef = 8B56CF1C2B0CA483008531A6 /* UserDefaultsManager.swift */; };
		8B56CF202B0CA5B4008531A6 /* InputError.swift in Sources */ = {isa = PBXBuildFile; fileRef = 8B56CF1F2B0CA5B4008531A6 /* InputError.swift */; };
		8B56CF222B0CA609008531A6 /* UserDefaultsError.swift in Sources */ = {isa = PBXBuildFile; fileRef = 8B56CF212B0CA609008531A6 /* UserDefaultsError.swift */; };
		8B56CF242B0CB957008531A6 /* ActiveView.swift in Sources */ = {isa = PBXBuildFile; fileRef = 8B56CF232B0CB957008531A6 /* ActiveView.swift */; };
		8B56CF262B0CB9D1008531A6 /* ActiveListRow.swift in Sources */ = {isa = PBXBuildFile; fileRef = 8B56CF252B0CB9D1008531A6 /* ActiveListRow.swift */; };
		8B60F3842B0D70D200F7F3B7 /* Lottie in Frameworks */ = {isa = PBXBuildFile; productRef = 8B60F3832B0D70D200F7F3B7 /* Lottie */; };
		8B60F3872B0D70FA00F7F3B7 /* LottieView.swift in Sources */ = {isa = PBXBuildFile; fileRef = 8B60F3862B0D70FA00F7F3B7 /* LottieView.swift */; };
		8B60F38F2B0D741600F7F3B7 /* ShareView.swift in Sources */ = {isa = PBXBuildFile; fileRef = 8B60F38E2B0D741600F7F3B7 /* ShareView.swift */; };
		8B60F3912B0D758700F7F3B7 /* TermsView.swift in Sources */ = {isa = PBXBuildFile; fileRef = 8B60F3902B0D758700F7F3B7 /* TermsView.swift */; };
		8B9515F92B0CF3C500ECBE5C /* RewardScreen.swift in Sources */ = {isa = PBXBuildFile; fileRef = 8B9515F82B0CF3C500ECBE5C /* RewardScreen.swift */; };
		8BCEC26D2B11DE5600AB3421 /* LaunchScreen.json in Resources */ = {isa = PBXBuildFile; fileRef = 8BCEC26C2B11DE5600AB3421 /* LaunchScreen.json */; };
		8BCEC26F2B11DE5F00AB3421 /* RewardScreen.json in Resources */ = {isa = PBXBuildFile; fileRef = 8BCEC26E2B11DE5F00AB3421 /* RewardScreen.json */; };
/* End PBXBuildFile section */

/* Begin PBXFileReference section */
		8B56CED02B0C5946008531A6 /* CheckerApp.app */ = {isa = PBXFileReference; explicitFileType = wrapper.application; includeInIndex = 0; path = CheckerApp.app; sourceTree = BUILT_PRODUCTS_DIR; };
		8B56CED32B0C5946008531A6 /* CheckerAppApp.swift */ = {isa = PBXFileReference; lastKnownFileType = sourcecode.swift; path = CheckerAppApp.swift; sourceTree = "<group>"; };
		8B56CED52B0C5946008531A6 /* MainView.swift */ = {isa = PBXFileReference; lastKnownFileType = sourcecode.swift; path = MainView.swift; sourceTree = "<group>"; };
		8B56CED72B0C5947008531A6 /* Assets.xcassets */ = {isa = PBXFileReference; lastKnownFileType = folder.assetcatalog; path = Assets.xcassets; sourceTree = "<group>"; };
		8B56CEDA2B0C5947008531A6 /* Preview Assets.xcassets */ = {isa = PBXFileReference; lastKnownFileType = folder.assetcatalog; path = "Preview Assets.xcassets"; sourceTree = "<group>"; };
		8B56CEE42B0C5A12008531A6 /* PlusButton.swift */ = {isa = PBXFileReference; lastKnownFileType = sourcecode.swift; path = PlusButton.swift; sourceTree = "<group>"; };
		8B56CEE62B0C5AAE008531A6 /* ExecutionView.swift */ = {isa = PBXFileReference; lastKnownFileType = sourcecode.swift; path = ExecutionView.swift; sourceTree = "<group>"; };
		8B56CEE82B0C5ADA008531A6 /* CreateIventView.swift */ = {isa = PBXFileReference; lastKnownFileType = sourcecode.swift; path = CreateIventView.swift; sourceTree = "<group>"; };
		8B56CEEA2B0C5AF8008531A6 /* SettingView.swift */ = {isa = PBXFileReference; lastKnownFileType = sourcecode.swift; path = SettingView.swift; sourceTree = "<group>"; };
		8B56CEEC2B0C5DE8008531A6 /* IventData.swift */ = {isa = PBXFileReference; lastKnownFileType = sourcecode.swift; path = IventData.swift; sourceTree = "<group>"; };
		8B56CEEE2B0C5E19008531A6 /* Ivent.swift */ = {isa = PBXFileReference; lastKnownFileType = sourcecode.swift; path = Ivent.swift; sourceTree = "<group>"; };
		8B56CEF02B0C5E28008531A6 /* Item.swift */ = {isa = PBXFileReference; lastKnownFileType = sourcecode.swift; path = Item.swift; sourceTree = "<group>"; };
		8B56CEF52B0C61B2008531A6 /* InputView.swift */ = {isa = PBXFileReference; lastKnownFileType = sourcecode.swift; path = InputView.swift; sourceTree = "<group>"; };
		8B56CEF72B0C871E008531A6 /* ExecutionListRow.swift */ = {isa = PBXFileReference; lastKnownFileType = sourcecode.swift; path = ExecutionListRow.swift; sourceTree = "<group>"; };
		8B56CEF92B0C8FD3008531A6 /* CreateListRow.swift */ = {isa = PBXFileReference; lastKnownFileType = sourcecode.swift; path = CreateListRow.swift; sourceTree = "<group>"; };
		8B56CF1C2B0CA483008531A6 /* UserDefaultsManager.swift */ = {isa = PBXFileReference; lastKnownFileType = sourcecode.swift; path = UserDefaultsManager.swift; sourceTree = "<group>"; };
		8B56CF1F2B0CA5B4008531A6 /* InputError.swift */ = {isa = PBXFileReference; lastKnownFileType = sourcecode.swift; path = InputError.swift; sourceTree = "<group>"; };
		8B56CF212B0CA609008531A6 /* UserDefaultsError.swift */ = {isa = PBXFileReference; lastKnownFileType = sourcecode.swift; path = UserDefaultsError.swift; sourceTree = "<group>"; };
		8B56CF232B0CB957008531A6 /* ActiveView.swift */ = {isa = PBXFileReference; lastKnownFileType = sourcecode.swift; path = ActiveView.swift; sourceTree = "<group>"; };
		8B56CF252B0CB9D1008531A6 /* ActiveListRow.swift */ = {isa = PBXFileReference; lastKnownFileType = sourcecode.swift; path = ActiveListRow.swift; sourceTree = "<group>"; };
		8B60F3862B0D70FA00F7F3B7 /* LottieView.swift */ = {isa = PBXFileReference; lastKnownFileType = sourcecode.swift; path = LottieView.swift; sourceTree = "<group>"; };
		8B60F38E2B0D741600F7F3B7 /* ShareView.swift */ = {isa = PBXFileReference; lastKnownFileType = sourcecode.swift; path = ShareView.swift; sourceTree = "<group>"; };
		8B60F3902B0D758700F7F3B7 /* TermsView.swift */ = {isa = PBXFileReference; lastKnownFileType = sourcecode.swift; path = TermsView.swift; sourceTree = "<group>"; };
		8B9515F82B0CF3C500ECBE5C /* RewardScreen.swift */ = {isa = PBXFileReference; lastKnownFileType = sourcecode.swift; path = RewardScreen.swift; sourceTree = "<group>"; };
		8BCEC26C2B11DE5600AB3421 /* LaunchScreen.json */ = {isa = PBXFileReference; fileEncoding = 4; lastKnownFileType = text.json; path = LaunchScreen.json; sourceTree = "<group>"; };
		8BCEC26E2B11DE5F00AB3421 /* RewardScreen.json */ = {isa = PBXFileReference; fileEncoding = 4; lastKnownFileType = text.json; path = RewardScreen.json; sourceTree = "<group>"; };
/* End PBXFileReference section */

/* Begin PBXFrameworksBuildPhase section */
		8B56CECD2B0C5946008531A6 /* Frameworks */ = {
			isa = PBXFrameworksBuildPhase;
			buildActionMask = 2147483647;
			files = (
				8B60F3842B0D70D200F7F3B7 /* Lottie in Frameworks */,
			);
			runOnlyForDeploymentPostprocessing = 0;
		};
/* End PBXFrameworksBuildPhase section */

/* Begin PBXGroup section */
		8B56CEC72B0C5946008531A6 = {
			isa = PBXGroup;
			children = (
				8B56CED22B0C5946008531A6 /* CheckerApp */,
				8B56CED12B0C5946008531A6 /* Products */,
			);
			sourceTree = "<group>";
		};
		8B56CED12B0C5946008531A6 /* Products */ = {
			isa = PBXGroup;
			children = (
				8B56CED02B0C5946008531A6 /* CheckerApp.app */,
			);
			name = Products;
			sourceTree = "<group>";
		};
		8B56CED22B0C5946008531A6 /* CheckerApp */ = {
			isa = PBXGroup;
			children = (
				8B56CED32B0C5946008531A6 /* CheckerAppApp.swift */,
				8B56CF1E2B0CA59E008531A6 /* Error */,
				8B60F3852B0D70DE00F7F3B7 /* Lottie */,
				8B56CEE32B0C5971008531A6 /* view */,
				8B56CEE22B0C596A008531A6 /* viewmodel */,
				8B56CEE12B0C5963008531A6 /* model */,
				8B56CED72B0C5947008531A6 /* Assets.xcassets */,
				8B56CED92B0C5947008531A6 /* Preview Content */,
			);
			path = CheckerApp;
			sourceTree = "<group>";
		};
		8B56CED92B0C5947008531A6 /* Preview Content */ = {
			isa = PBXGroup;
			children = (
				8B56CEDA2B0C5947008531A6 /* Preview Assets.xcassets */,
			);
			path = "Preview Content";
			sourceTree = "<group>";
		};
		8B56CEE12B0C5963008531A6 /* model */ = {
			isa = PBXGroup;
			children = (
				8B56CEEE2B0C5E19008531A6 /* Ivent.swift */,
				8B56CEF02B0C5E28008531A6 /* Item.swift */,
				8B56CF1C2B0CA483008531A6 /* UserDefaultsManager.swift */,
			);
			path = model;
			sourceTree = "<group>";
		};
		8B56CEE22B0C596A008531A6 /* viewmodel */ = {
			isa = PBXGroup;
			children = (
				8B56CEEC2B0C5DE8008531A6 /* IventData.swift */,
			);
			path = viewmodel;
			sourceTree = "<group>";
		};
		8B56CEE32B0C5971008531A6 /* view */ = {
			isa = PBXGroup;
			children = (
				8B56CED52B0C5946008531A6 /* MainView.swift */,
				8B56CEF42B0C5FE9008531A6 /* Setting */,
				8B56CEF32B0C5FD1008531A6 /* CreateIvent */,
				8B56CEF22B0C5FB9008531A6 /* Execution */,
			);
			path = view;
			sourceTree = "<group>";
		};
		8B56CEF22B0C5FB9008531A6 /* Execution */ = {
			isa = PBXGroup;
			children = (
				8B56CEE62B0C5AAE008531A6 /* ExecutionView.swift */,
				8B56CEF72B0C871E008531A6 /* ExecutionListRow.swift */,
				8B56CF232B0CB957008531A6 /* ActiveView.swift */,
				8B56CF252B0CB9D1008531A6 /* ActiveListRow.swift */,
				8B9515F82B0CF3C500ECBE5C /* RewardScreen.swift */,
			);
			path = Execution;
			sourceTree = "<group>";
		};
		8B56CEF32B0C5FD1008531A6 /* CreateIvent */ = {
			isa = PBXGroup;
			children = (
				8B56CEE42B0C5A12008531A6 /* PlusButton.swift */,
				8B56CEE82B0C5ADA008531A6 /* CreateIventView.swift */,
				8B56CEF52B0C61B2008531A6 /* InputView.swift */,
				8B56CEF92B0C8FD3008531A6 /* CreateListRow.swift */,
			);
			path = CreateIvent;
			sourceTree = "<group>";
		};
		8B56CEF42B0C5FE9008531A6 /* Setting */ = {
			isa = PBXGroup;
			children = (
				8B56CEEA2B0C5AF8008531A6 /* SettingView.swift */,
				8B60F38E2B0D741600F7F3B7 /* ShareView.swift */,
				8B60F3902B0D758700F7F3B7 /* TermsView.swift */,
			);
			path = Setting;
			sourceTree = "<group>";
		};
		8B56CF1E2B0CA59E008531A6 /* Error */ = {
			isa = PBXGroup;
			children = (
				8B56CF1F2B0CA5B4008531A6 /* InputError.swift */,
				8B56CF212B0CA609008531A6 /* UserDefaultsError.swift */,
			);
			path = Error;
			sourceTree = "<group>";
		};
		8B60F3852B0D70DE00F7F3B7 /* Lottie */ = {
			isa = PBXGroup;
			children = (
				8B60F3862B0D70FA00F7F3B7 /* LottieView.swift */,
				8BCEC26C2B11DE5600AB3421 /* LaunchScreen.json */,
				8BCEC26E2B11DE5F00AB3421 /* RewardScreen.json */,
			);
			path = Lottie;
			sourceTree = "<group>";
		};
/* End PBXGroup section */

/* Begin PBXNativeTarget section */
		8B56CECF2B0C5946008531A6 /* CheckerApp */ = {
			isa = PBXNativeTarget;
			buildConfigurationList = 8B56CEDE2B0C5947008531A6 /* Build configuration list for PBXNativeTarget "CheckerApp" */;
			buildPhases = (
				8B56CECC2B0C5946008531A6 /* Sources */,
				8B56CECD2B0C5946008531A6 /* Frameworks */,
				8B56CECE2B0C5946008531A6 /* Resources */,
			);
			buildRules = (
			);
			dependencies = (
			);
			name = CheckerApp;
			packageProductDependencies = (
				8B60F3832B0D70D200F7F3B7 /* Lottie */,
			);
			productName = CheckerApp;
			productReference = 8B56CED02B0C5946008531A6 /* CheckerApp.app */;
			productType = "com.apple.product-type.application";
		};
/* End PBXNativeTarget section */

/* Begin PBXProject section */
		8B56CEC82B0C5946008531A6 /* Project object */ = {
			isa = PBXProject;
			attributes = {
				BuildIndependentTargetsInParallel = 1;
				LastSwiftUpdateCheck = 1500;
				LastUpgradeCheck = 1500;
				TargetAttributes = {
					8B56CECF2B0C5946008531A6 = {
						CreatedOnToolsVersion = 15.0;
					};
				};
			};
			buildConfigurationList = 8B56CECB2B0C5946008531A6 /* Build configuration list for PBXProject "CheckerApp" */;
			compatibilityVersion = "Xcode 14.0";
			developmentRegion = en;
			hasScannedForEncodings = 0;
			knownRegions = (
				en,
				Base,
			);
			mainGroup = 8B56CEC72B0C5946008531A6;
			packageReferences = (
				8B60F3822B0D70D200F7F3B7 /* XCRemoteSwiftPackageReference "lottie-ios" */,
			);
			productRefGroup = 8B56CED12B0C5946008531A6 /* Products */;
			projectDirPath = "";
			projectRoot = "";
			targets = (
				8B56CECF2B0C5946008531A6 /* CheckerApp */,
			);
		};
/* End PBXProject section */

/* Begin PBXResourcesBuildPhase section */
		8B56CECE2B0C5946008531A6 /* Resources */ = {
			isa = PBXResourcesBuildPhase;
			buildActionMask = 2147483647;
			files = (
				8BCEC26D2B11DE5600AB3421 /* LaunchScreen.json in Resources */,
				8B56CEDB2B0C5947008531A6 /* Preview Assets.xcassets in Resources */,
				8BCEC26F2B11DE5F00AB3421 /* RewardScreen.json in Resources */,
				8B56CED82B0C5947008531A6 /* Assets.xcassets in Resources */,
			);
			runOnlyForDeploymentPostprocessing = 0;
		};
/* End PBXResourcesBuildPhase section */

/* Begin PBXSourcesBuildPhase section */
		8B56CECC2B0C5946008531A6 /* Sources */ = {
			isa = PBXSourcesBuildPhase;
			buildActionMask = 2147483647;
			files = (
				8B60F38F2B0D741600F7F3B7 /* ShareView.swift in Sources */,
				8B56CED62B0C5946008531A6 /* MainView.swift in Sources */,
				8B60F3872B0D70FA00F7F3B7 /* LottieView.swift in Sources */,
				8B56CF202B0CA5B4008531A6 /* InputError.swift in Sources */,
				8B56CF242B0CB957008531A6 /* ActiveView.swift in Sources */,
				8B56CF222B0CA609008531A6 /* UserDefaultsError.swift in Sources */,
				8B56CEF12B0C5E28008531A6 /* Item.swift in Sources */,
				8B56CEE92B0C5ADA008531A6 /* CreateIventView.swift in Sources */,
				8B56CF1D2B0CA483008531A6 /* UserDefaultsManager.swift in Sources */,
				8B56CEF82B0C871E008531A6 /* ExecutionListRow.swift in Sources */,
				8B56CF262B0CB9D1008531A6 /* ActiveListRow.swift in Sources */,
				8B56CEED2B0C5DE8008531A6 /* IventData.swift in Sources */,
				8B56CEE72B0C5AAE008531A6 /* ExecutionView.swift in Sources */,
				8B60F3912B0D758700F7F3B7 /* TermsView.swift in Sources */,
				8B56CEEF2B0C5E19008531A6 /* Ivent.swift in Sources */,
				8B9515F92B0CF3C500ECBE5C /* RewardScreen.swift in Sources */,
				8B56CEEB2B0C5AF8008531A6 /* SettingView.swift in Sources */,
				8B56CEF62B0C61B3008531A6 /* InputView.swift in Sources */,
				8B56CED42B0C5946008531A6 /* CheckerAppApp.swift in Sources */,
				8B56CEFA2B0C8FD3008531A6 /* CreateListRow.swift in Sources */,
				8B56CEE52B0C5A12008531A6 /* PlusButton.swift in Sources */,
			);
			runOnlyForDeploymentPostprocessing = 0;
		};
/* End PBXSourcesBuildPhase section */

/* Begin XCBuildConfiguration section */
		8B56CEDC2B0C5947008531A6 /* Debug */ = {
			isa = XCBuildConfiguration;
			buildSettings = {
				ALWAYS_SEARCH_USER_PATHS = NO;
				ASSETCATALOG_COMPILER_GENERATE_SWIFT_ASSET_SYMBOL_EXTENSIONS = YES;
				CLANG_ANALYZER_NONNULL = YES;
				CLANG_ANALYZER_NUMBER_OBJECT_CONVERSION = YES_AGGRESSIVE;
				CLANG_CXX_LANGUAGE_STANDARD = "gnu++20";
				CLANG_ENABLE_MODULES = YES;
				CLANG_ENABLE_OBJC_ARC = YES;
				CLANG_ENABLE_OBJC_WEAK = YES;
				CLANG_WARN_BLOCK_CAPTURE_AUTORELEASING = YES;
				CLANG_WARN_BOOL_CONVERSION = YES;
				CLANG_WARN_COMMA = YES;
				CLANG_WARN_CONSTANT_CONVERSION = YES;
				CLANG_WARN_DEPRECATED_OBJC_IMPLEMENTATIONS = YES;
				CLANG_WARN_DIRECT_OBJC_ISA_USAGE = YES_ERROR;
				CLANG_WARN_DOCUMENTATION_COMMENTS = YES;
				CLANG_WARN_EMPTY_BODY = YES;
				CLANG_WARN_ENUM_CONVERSION = YES;
				CLANG_WARN_INFINITE_RECURSION = YES;
				CLANG_WARN_INT_CONVERSION = YES;
				CLANG_WARN_NON_LITERAL_NULL_CONVERSION = YES;
				CLANG_WARN_OBJC_IMPLICIT_RETAIN_SELF = YES;
				CLANG_WARN_OBJC_LITERAL_CONVERSION = YES;
				CLANG_WARN_OBJC_ROOT_CLASS = YES_ERROR;
				CLANG_WARN_QUOTED_INCLUDE_IN_FRAMEWORK_HEADER = YES;
				CLANG_WARN_RANGE_LOOP_ANALYSIS = YES;
				CLANG_WARN_STRICT_PROTOTYPES = YES;
				CLANG_WARN_SUSPICIOUS_MOVE = YES;
				CLANG_WARN_UNGUARDED_AVAILABILITY = YES_AGGRESSIVE;
				CLANG_WARN_UNREACHABLE_CODE = YES;
				CLANG_WARN__DUPLICATE_METHOD_MATCH = YES;
				COPY_PHASE_STRIP = NO;
				DEBUG_INFORMATION_FORMAT = dwarf;
				ENABLE_STRICT_OBJC_MSGSEND = YES;
				ENABLE_TESTABILITY = YES;
				ENABLE_USER_SCRIPT_SANDBOXING = YES;
				GCC_C_LANGUAGE_STANDARD = gnu17;
				GCC_DYNAMIC_NO_PIC = NO;
				GCC_NO_COMMON_BLOCKS = YES;
				GCC_OPTIMIZATION_LEVEL = 0;
				GCC_PREPROCESSOR_DEFINITIONS = (
					"DEBUG=1",
					"$(inherited)",
				);
				GCC_WARN_64_TO_32_BIT_CONVERSION = YES;
				GCC_WARN_ABOUT_RETURN_TYPE = YES_ERROR;
				GCC_WARN_UNDECLARED_SELECTOR = YES;
				GCC_WARN_UNINITIALIZED_AUTOS = YES_AGGRESSIVE;
				GCC_WARN_UNUSED_FUNCTION = YES;
				GCC_WARN_UNUSED_VARIABLE = YES;
				IPHONEOS_DEPLOYMENT_TARGET = 17.0;
				LOCALIZATION_PREFERS_STRING_CATALOGS = YES;
				MTL_ENABLE_DEBUG_INFO = INCLUDE_SOURCE;
				MTL_FAST_MATH = YES;
				ONLY_ACTIVE_ARCH = YES;
				SDKROOT = iphoneos;
				SWIFT_ACTIVE_COMPILATION_CONDITIONS = "DEBUG $(inherited)";
				SWIFT_OPTIMIZATION_LEVEL = "-Onone";
			};
			name = Debug;
		};
		8B56CEDD2B0C5947008531A6 /* Release */ = {
			isa = XCBuildConfiguration;
			buildSettings = {
				ALWAYS_SEARCH_USER_PATHS = NO;
				ASSETCATALOG_COMPILER_GENERATE_SWIFT_ASSET_SYMBOL_EXTENSIONS = YES;
				CLANG_ANALYZER_NONNULL = YES;
				CLANG_ANALYZER_NUMBER_OBJECT_CONVERSION = YES_AGGRESSIVE;
				CLANG_CXX_LANGUAGE_STANDARD = "gnu++20";
				CLANG_ENABLE_MODULES = YES;
				CLANG_ENABLE_OBJC_ARC = YES;
				CLANG_ENABLE_OBJC_WEAK = YES;
				CLANG_WARN_BLOCK_CAPTURE_AUTORELEASING = YES;
				CLANG_WARN_BOOL_CONVERSION = YES;
				CLANG_WARN_COMMA = YES;
				CLANG_WARN_CONSTANT_CONVERSION = YES;
				CLANG_WARN_DEPRECATED_OBJC_IMPLEMENTATIONS = YES;
				CLANG_WARN_DIRECT_OBJC_ISA_USAGE = YES_ERROR;
				CLANG_WARN_DOCUMENTATION_COMMENTS = YES;
				CLANG_WARN_EMPTY_BODY = YES;
				CLANG_WARN_ENUM_CONVERSION = YES;
				CLANG_WARN_INFINITE_RECURSION = YES;
				CLANG_WARN_INT_CONVERSION = YES;
				CLANG_WARN_NON_LITERAL_NULL_CONVERSION = YES;
				CLANG_WARN_OBJC_IMPLICIT_RETAIN_SELF = YES;
				CLANG_WARN_OBJC_LITERAL_CONVERSION = YES;
				CLANG_WARN_OBJC_ROOT_CLASS = YES_ERROR;
				CLANG_WARN_QUOTED_INCLUDE_IN_FRAMEWORK_HEADER = YES;
				CLANG_WARN_RANGE_LOOP_ANALYSIS = YES;
				CLANG_WARN_STRICT_PROTOTYPES = YES;
				CLANG_WARN_SUSPICIOUS_MOVE = YES;
				CLANG_WARN_UNGUARDED_AVAILABILITY = YES_AGGRESSIVE;
				CLANG_WARN_UNREACHABLE_CODE = YES;
				CLANG_WARN__DUPLICATE_METHOD_MATCH = YES;
				COPY_PHASE_STRIP = NO;
				DEBUG_INFORMATION_FORMAT = "dwarf-with-dsym";
				ENABLE_NS_ASSERTIONS = NO;
				ENABLE_STRICT_OBJC_MSGSEND = YES;
				ENABLE_USER_SCRIPT_SANDBOXING = YES;
				GCC_C_LANGUAGE_STANDARD = gnu17;
				GCC_NO_COMMON_BLOCKS = YES;
				GCC_WARN_64_TO_32_BIT_CONVERSION = YES;
				GCC_WARN_ABOUT_RETURN_TYPE = YES_ERROR;
				GCC_WARN_UNDECLARED_SELECTOR = YES;
				GCC_WARN_UNINITIALIZED_AUTOS = YES_AGGRESSIVE;
				GCC_WARN_UNUSED_FUNCTION = YES;
				GCC_WARN_UNUSED_VARIABLE = YES;
				IPHONEOS_DEPLOYMENT_TARGET = 17.0;
				LOCALIZATION_PREFERS_STRING_CATALOGS = YES;
				MTL_ENABLE_DEBUG_INFO = NO;
				MTL_FAST_MATH = YES;
				SDKROOT = iphoneos;
				SWIFT_COMPILATION_MODE = wholemodule;
				VALIDATE_PRODUCT = YES;
			};
			name = Release;
		};
		8B56CEDF2B0C5947008531A6 /* Debug */ = {
			isa = XCBuildConfiguration;
			buildSettings = {
				ASSETCATALOG_COMPILER_APPICON_NAME = AppIcon;
				ASSETCATALOG_COMPILER_GLOBAL_ACCENT_COLOR_NAME = AccentColor;
				CODE_SIGN_STYLE = Automatic;
				CURRENT_PROJECT_VERSION = 1;
				DEVELOPMENT_ASSET_PATHS = "\"CheckerApp/Preview Content\"";
				DEVELOPMENT_TEAM = 7PSW8M3W4F;
				ENABLE_PREVIEWS = YES;
				GENERATE_INFOPLIST_FILE = YES;
				INFOPLIST_KEY_UIApplicationSceneManifest_Generation = YES;
				INFOPLIST_KEY_UIApplicationSupportsIndirectInputEvents = YES;
				INFOPLIST_KEY_UILaunchScreen_Generation = YES;
				INFOPLIST_KEY_UISupportedInterfaceOrientations_iPad = "UIInterfaceOrientationPortrait UIInterfaceOrientationPortraitUpsideDown UIInterfaceOrientationLandscapeLeft UIInterfaceOrientationLandscapeRight";
				INFOPLIST_KEY_UISupportedInterfaceOrientations_iPhone = "UIInterfaceOrientationPortrait UIInterfaceOrientationLandscapeLeft UIInterfaceOrientationLandscapeRight";
				LD_RUNPATH_SEARCH_PATHS = (
					"$(inherited)",
					"@executable_path/Frameworks",
				);
				MARKETING_VERSION = 1.0;
				PRODUCT_BUNDLE_IDENTIFIER = com.watanabe.CheckerApp;
				PRODUCT_NAME = "$(TARGET_NAME)";
				SWIFT_EMIT_LOC_STRINGS = YES;
				SWIFT_VERSION = 5.0;
				TARGETED_DEVICE_FAMILY = "1,2";
			};
			name = Debug;
		};
		8B56CEE02B0C5947008531A6 /* Release */ = {
			isa = XCBuildConfiguration;
			buildSettings = {
				ASSETCATALOG_COMPILER_APPICON_NAME = AppIcon;
				ASSETCATALOG_COMPILER_GLOBAL_ACCENT_COLOR_NAME = AccentColor;
				CODE_SIGN_STYLE = Automatic;
				CURRENT_PROJECT_VERSION = 1;
				DEVELOPMENT_ASSET_PATHS = "\"CheckerApp/Preview Content\"";
				DEVELOPMENT_TEAM = 7PSW8M3W4F;
				ENABLE_PREVIEWS = YES;
				GENERATE_INFOPLIST_FILE = YES;
				INFOPLIST_KEY_UIApplicationSceneManifest_Generation = YES;
				INFOPLIST_KEY_UIApplicationSupportsIndirectInputEvents = YES;
				INFOPLIST_KEY_UILaunchScreen_Generation = YES;
				INFOPLIST_KEY_UISupportedInterfaceOrientations_iPad = "UIInterfaceOrientationPortrait UIInterfaceOrientationPortraitUpsideDown UIInterfaceOrientationLandscapeLeft UIInterfaceOrientationLandscapeRight";
				INFOPLIST_KEY_UISupportedInterfaceOrientations_iPhone = "UIInterfaceOrientationPortrait UIInterfaceOrientationLandscapeLeft UIInterfaceOrientationLandscapeRight";
				LD_RUNPATH_SEARCH_PATHS = (
					"$(inherited)",
					"@executable_path/Frameworks",
				);
				MARKETING_VERSION = 1.0;
				PRODUCT_BUNDLE_IDENTIFIER = com.watanabe.CheckerApp;
				PRODUCT_NAME = "$(TARGET_NAME)";
				SWIFT_EMIT_LOC_STRINGS = YES;
				SWIFT_VERSION = 5.0;
				TARGETED_DEVICE_FAMILY = "1,2";
			};
			name = Release;
		};
/* End XCBuildConfiguration section */

/* Begin XCConfigurationList section */
		8B56CECB2B0C5946008531A6 /* Build configuration list for PBXProject "CheckerApp" */ = {
			isa = XCConfigurationList;
			buildConfigurations = (
				8B56CEDC2B0C5947008531A6 /* Debug */,
				8B56CEDD2B0C5947008531A6 /* Release */,
			);
			defaultConfigurationIsVisible = 0;
			defaultConfigurationName = Release;
		};
		8B56CEDE2B0C5947008531A6 /* Build configuration list for PBXNativeTarget "CheckerApp" */ = {
			isa = XCConfigurationList;
			buildConfigurations = (
				8B56CEDF2B0C5947008531A6 /* Debug */,
				8B56CEE02B0C5947008531A6 /* Release */,
			);
			defaultConfigurationIsVisible = 0;
			defaultConfigurationName = Release;
		};
/* End XCConfigurationList section */

/* Begin XCRemoteSwiftPackageReference section */
		8B60F3822B0D70D200F7F3B7 /* XCRemoteSwiftPackageReference "lottie-ios" */ = {
			isa = XCRemoteSwiftPackageReference;
			repositoryURL = "https://github.com/airbnb/lottie-ios";
			requirement = {
				kind = upToNextMajorVersion;
				minimumVersion = 4.3.3;
			};
		};
/* End XCRemoteSwiftPackageReference section */

/* Begin XCSwiftPackageProductDependency section */
		8B60F3832B0D70D200F7F3B7 /* Lottie */ = {
			isa = XCSwiftPackageProductDependency;
			package = 8B60F3822B0D70D200F7F3B7 /* XCRemoteSwiftPackageReference "lottie-ios" */;
			productName = Lottie;
		};
/* End XCSwiftPackageProductDependency section */
	};
	rootObject = 8B56CEC82B0C5946008531A6 /* Project object */;
}
